
Microsoft Visual Studio Solution File, Format Version 12.00
# Visual Studio Version 16
VisualStudioVersion = 16.0.31410.357
MinimumVisualStudioVersion = 10.0.40219.1
Project("{FAE04EC0-301F-11D3-BF4B-00C04F79EFBC}") = "PremProjectApi1", "PremProjectApi1\PremProjectApi1.csproj", "{4D82754B-3315-4947-A897-4FCB4DF3C730}"
EndProject
Global
	GlobalSection(SolutionConfigurationPlatforms) = preSolution
		Debug|Any CPU = Debug|Any CPU
		Release|Any CPU = Release|Any CPU
	EndGlobalSection
	GlobalSection(ProjectConfigurationPlatforms) = postSolution
		{4D82754B-3315-4947-A897-4FCB4DF3C730}.Debug|Any CPU.ActiveCfg = Debug|Any CPU
		{4D82754B-3315-4947-A897-4FCB4DF3C730}.Debug|Any CPU.Build.0 = Debug|Any CPU
		{4D82754B-3315-4947-A897-4FCB4DF3C730}.Release|Any CPU.ActiveCfg = Release|Any CPU
		{4D82754B-3315-4947-A897-4FCB4DF3C730}.Release|Any CPU.Build.0 = Release|Any CPU
	EndGlobalSection
	GlobalSection(SolutionProperties) = preSolution
		HideSolutionNode = FALSE
	EndGlobalSection
	GlobalSection(ExtensibilityGlobals) = postSolution
		SolutionGuid = {4650E157-679D-4906-B6F2-1F05E7B6103D}
	EndGlobalSection
EndGlobal
